{
  "name": "sandbox-parsimmon",
  "version": "1.0.0",
  "lockfileVersion": 1,
  "requires": true,
  "dependencies": {
    "parsimmon": {
      "version": "0.7.2",
      "resolved": "https://registry.npmjs.org/parsimmon/-/parsimmon-0.7.2.tgz",
      "integrity": "sha1-gF/G0e1S0Mm2XL9rTaWKFh5o5+E="
    }
  }
}
